PODS:
  - Alamofire (4.4.0)
  - APESuperHUD (1.1.2)
  - MBProgressHUD (1.0.0)
  - SDWebImage (4.0.0):
    - SDWebImage/Core (= 4.0.0)
  - SDWebImage/Core (4.0.0)
  - SVPullToRefresh (0.4.1)
  - UIColor_Hex_Swift (3.0.2)

DEPENDENCIES:
  - Alamofire (~> 4.4)
  - APESuperHUD (~> 1.1)
  - MBProgressHUD (~> 1.0)
  - SDWebImage (~> 4.0)
  - SVPullToRefresh (~> 0.4)
  - UIColor_Hex_Swift (~> 3.0)

SPEC CHECKSUMS:
  Alamofire: dc44b1600b800eb63da6a19039a0083d62a6a62d
  APESuperHUD: 9c7ea17cea21b4a9212f1c43810b0c8b9ee585a6
  MBProgressHUD: 4890f671c94e8a0f3cf959aa731e9de2f036d71a
  SDWebImage: 76a6348bdc74eb5a55dd08a091ef298e56b55e41
  SVPullToRefresh: ba2e718695a43253d8bea6852d2960097dc15d8c
  UIColor_Hex_Swift: 95f718452092a3efc8a827dffd2c04d3237be02d

PODFILE CHECKSUM: 9f6b31806b303402fed4aec83326e78670c6df17

COCOAPODS: 1.2.0
